
Microsoft Visual Studio Solution File, Format Version 12.00
# Visual Studio Version 16
VisualStudioVersion = 16.0.30309.148
MinimumVisualStudioVersion = 10.0.40219.1
Project("{FAE04EC0-301F-11D3-BF4B-00C04F79EFBC}") = "LogLibrary", "LogLibrary\LogLibrary.csproj", "{1510B726-134B-4839-B001-4EA887505594}"
EndProject
Project("{FAE04EC0-301F-11D3-BF4B-00C04F79EFBC}") = "LogLibraryUnitTests", "LogLibraryUnitTests\LogLibraryUnitTests.csproj", "{D670A0D3-6F63-4510-B727-2088E200DDAB}"
EndProject
Project("{FAE04EC0-301F-11D3-BF4B-00C04F79EFBC}") = "LogLibraryTestUI", "LogLibraryTestUI\LogLibraryTestUI.csproj", "{7B5B46D2-9910-483D-92E4-325DF737F806}"
EndProject
Global
	GlobalSection(SolutionConfigurationPlatforms) = preSolution
		Debug|Any CPU = Debug|Any CPU
		Release|Any CPU = Release|Any CPU
	EndGlobalSection
	GlobalSection(ProjectConfigurationPlatforms) = postSolution
		{1510B726-134B-4839-B001-4EA887505594}.Debug|Any CPU.ActiveCfg = Debug|Any CPU
		{1510B726-134B-4839-B001-4EA887505594}.Debug|Any CPU.Build.0 = Debug|Any CPU
		{1510B726-134B-4839-B001-4EA887505594}.Release|Any CPU.ActiveCfg = Release|Any CPU
		{1510B726-134B-4839-B001-4EA887505594}.Release|Any CPU.Build.0 = Release|Any CPU
		{D670A0D3-6F63-4510-B727-2088E200DDAB}.Debug|Any CPU.ActiveCfg = Debug|Any CPU
		{D670A0D3-6F63-4510-B727-2088E200DDAB}.Debug|Any CPU.Build.0 = Debug|Any CPU
		{D670A0D3-6F63-4510-B727-2088E200DDAB}.Release|Any CPU.ActiveCfg = Release|Any CPU
		{D670A0D3-6F63-4510-B727-2088E200DDAB}.Release|Any CPU.Build.0 = Release|Any CPU
		{7B5B46D2-9910-483D-92E4-325DF737F806}.Debug|Any CPU.ActiveCfg = Debug|Any CPU
		{7B5B46D2-9910-483D-92E4-325DF737F806}.Debug|Any CPU.Build.0 = Debug|Any CPU
		{7B5B46D2-9910-483D-92E4-325DF737F806}.Release|Any CPU.ActiveCfg = Release|Any CPU
		{7B5B46D2-9910-483D-92E4-325DF737F806}.Release|Any CPU.Build.0 = Release|Any CPU
	EndGlobalSection
	GlobalSection(SolutionProperties) = preSolution
		HideSolutionNode = FALSE
	EndGlobalSection
	GlobalSection(ExtensibilityGlobals) = postSolution
		SolutionGuid = {EA162E66-C302-49D2-B0FE-F300C2246140}
	EndGlobalSection
EndGlobal
